
Microsoft Visual Studio Solution File, Format Version 12.00
# Visual Studio Version 16
VisualStudioVersion = 16.0.31702.278
MinimumVisualStudioVersion = 10.0.40219.1
Project("{FAE04EC0-301F-11D3-BF4B-00C04F79EFBC}") = "StringMaker_Gabriel", "StringMaker_Gabriel\StringMaker_Gabriel.csproj", "{BB555D95-AA89-48A7-9F06-DDBC11DBC462}"
EndProject
Global
	GlobalSection(SolutionConfigurationPlatforms) = preSolution
		Debug|Any CPU = Debug|Any CPU
		Release|Any CPU = Release|Any CPU
	EndGlobalSection
	GlobalSection(ProjectConfigurationPlatforms) = postSolution
		{BB555D95-AA89-48A7-9F06-DDBC11DBC462}.Debug|Any CPU.ActiveCfg = Debug|Any CPU
		{BB555D95-AA89-48A7-9F06-DDBC11DBC462}.Debug|Any CPU.Build.0 = Debug|Any CPU
		{BB555D95-AA89-48A7-9F06-DDBC11DBC462}.Release|Any CPU.ActiveCfg = Release|Any CPU
		{BB555D95-AA89-48A7-9F06-DDBC11DBC462}.Release|Any CPU.Build.0 = Release|Any CPU
	EndGlobalSection
	GlobalSection(SolutionProperties) = preSolution
		HideSolutionNode = FALSE
	EndGlobalSection
	GlobalSection(ExtensibilityGlobals) = postSolution
		SolutionGuid = {692070DE-9346-463C-AA05-8AA495D108A8}
	EndGlobalSection
EndGlobal
